
Microsoft Visual Studio Solution File, Format Version 11.00
# Visual Studio 2010
Project("{FAE04EC0-301F-11D3-BF4B-00C04F79EFBC}") = "Assembly-CSharp", "Assembly-CSharp.csproj", "{3fb45c13-bf57-a842-22db-fbbeec09c2f9}"
EndProject
Project("{FAE04EC0-301F-11D3-BF4B-00C04F79EFBC}") = "Polyperfect.Universal", "Polyperfect.Universal.csproj", "{59fc9b63-acc4-391b-8625-4ad3eadffded}"
EndProject
Project("{FAE04EC0-301F-11D3-BF4B-00C04F79EFBC}") = "Assembly-CSharp-Editor", "Assembly-CSharp-Editor.csproj", "{84d2258e-724a-3fa3-43d4-6d6c5abfc0a7}"
EndProject
Project("{FAE04EC0-301F-11D3-BF4B-00C04F79EFBC}") = "Assembly-CSharp-firstpass", "Assembly-CSharp-firstpass.csproj", "{7f2e56aa-22af-6661-090c-ad4f915768fc}"
EndProject
Project("{FAE04EC0-301F-11D3-BF4B-00C04F79EFBC}") = "Assembly-CSharp-Editor-firstpass", "Assembly-CSharp-Editor-firstpass.csproj", "{6535a644-1555-695a-a51b-0501b775e47d}"
EndProject
Global
	GlobalSection(SolutionConfigurationPlatforms) = preSolution
		Debug|Any CPU = Debug|Any CPU
	EndGlobalSection
	GlobalSection(ProjectConfigurationPlatforms) = postSolution
		{3fb45c13-bf57-a842-22db-fbbeec09c2f9}.Debug|Any CPU.ActiveCfg = Debug|Any CPU
		{3fb45c13-bf57-a842-22db-fbbeec09c2f9}.Debug|Any CPU.Build.0 = Debug|Any CPU
		{59fc9b63-acc4-391b-8625-4ad3eadffded}.Debug|Any CPU.ActiveCfg = Debug|Any CPU
		{59fc9b63-acc4-391b-8625-4ad3eadffded}.Debug|Any CPU.Build.0 = Debug|Any CPU
		{84d2258e-724a-3fa3-43d4-6d6c5abfc0a7}.Debug|Any CPU.ActiveCfg = Debug|Any CPU
		{84d2258e-724a-3fa3-43d4-6d6c5abfc0a7}.Debug|Any CPU.Build.0 = Debug|Any CPU
		{7f2e56aa-22af-6661-090c-ad4f915768fc}.Debug|Any CPU.ActiveCfg = Debug|Any CPU
		{7f2e56aa-22af-6661-090c-ad4f915768fc}.Debug|Any CPU.Build.0 = Debug|Any CPU
		{6535a644-1555-695a-a51b-0501b775e47d}.Debug|Any CPU.ActiveCfg = Debug|Any CPU
		{6535a644-1555-695a-a51b-0501b775e47d}.Debug|Any CPU.Build.0 = Debug|Any CPU
	EndGlobalSection
	GlobalSection(SolutionProperties) = preSolution
		HideSolutionNode = FALSE
	EndGlobalSection
EndGlobal
